
Microsoft Visual Studio Solution File, Format Version 12.00
# Visual Studio Version 16
VisualStudioVersion = 25.0.1706.4
MinimumVisualStudioVersion = 10.0.40219.1
Project("{FAE04EC0-301F-11D3-BF4B-00C04F79EFBC}") = "CarRentalAppMvc", "CarRentalAppMvc\CarRentalAppMvc.csproj", "{53E72B75-D01B-42E2-8193-0D5F7BAB2379}"
EndProject
Global
	GlobalSection(SolutionConfigurationPlatforms) = preSolution
		Debug|Any CPU = Debug|Any CPU
		Release|Any CPU = Release|Any CPU
	EndGlobalSection
	GlobalSection(ProjectConfigurationPlatforms) = postSolution
		{53E72B75-D01B-42E2-8193-0D5F7BAB2379}.Debug|Any CPU.ActiveCfg = Debug|Any CPU
		{53E72B75-D01B-42E2-8193-0D5F7BAB2379}.Debug|Any CPU.Build.0 = Debug|Any CPU
		{53E72B75-D01B-42E2-8193-0D5F7BAB2379}.Release|Any CPU.ActiveCfg = Release|Any CPU
		{53E72B75-D01B-42E2-8193-0D5F7BAB2379}.Release|Any CPU.Build.0 = Release|Any CPU
	EndGlobalSection
	GlobalSection(SolutionProperties) = preSolution
		HideSolutionNode = FALSE
	EndGlobalSection
	GlobalSection(ExtensibilityGlobals) = postSolution
		SolutionGuid = {8A4B671F-F344-4F7F-8DD3-3550C9550E46}
	EndGlobalSection
EndGlobal
